
Microsoft Visual Studio Solution File, Format Version 12.00
# Visual Studio Version 17
VisualStudioVersion = 17.11.35219.272
MinimumVisualStudioVersion = 10.0.40219.1
Project("{FAE04EC0-301F-11D3-BF4B-00C04F79EFBC}") = "CRUDApplication", "CRUDApplication\CRUDApplication.csproj", "{285B3E01-341B-4EAC-8AC6-72189AB81264}"
EndProject
Global
	GlobalSection(SolutionConfigurationPlatforms) = preSolution
		Debug|Any CPU = Debug|Any CPU
		Release|Any CPU = Release|Any CPU
	EndGlobalSection
	GlobalSection(ProjectConfigurationPlatforms) = postSolution
		{285B3E01-341B-4EAC-8AC6-72189AB81264}.Debug|Any CPU.ActiveCfg = Debug|Any CPU
		{285B3E01-341B-4EAC-8AC6-72189AB81264}.Debug|Any CPU.Build.0 = Debug|Any CPU
		{285B3E01-341B-4EAC-8AC6-72189AB81264}.Release|Any CPU.ActiveCfg = Release|Any CPU
		{285B3E01-341B-4EAC-8AC6-72189AB81264}.Release|Any CPU.Build.0 = Release|Any CPU
	EndGlobalSection
	GlobalSection(SolutionProperties) = preSolution
		HideSolutionNode = FALSE
	EndGlobalSection
	GlobalSection(ExtensibilityGlobals) = postSolution
		SolutionGuid = {501C0BEC-2D68-4128-8AE3-AC4761AA6F9D}
	EndGlobalSection
EndGlobal
